// !$*UTF8*$!
{
	archiveVersion = 1;
	classes = {
	};
	objectVersion = 46;
	objects = {

/* Begin PBXBuildFile section */
		C3F5881B189799D900AEFD35 /* Cocoa.framework in Frameworks */ = {isa = PBXBuildFile; fileRef = C3F5881A189799D900AEFD35 /* Cocoa.framework */; };
		C3F58825189799D900AEFD35 /* InfoPlist.strings in Resources */ = {isa = PBXBuildFile; fileRef = C3F58823189799D900AEFD35 /* InfoPlist.strings */; };
		C3F58827189799D900AEFD35 /* main.m in Sources */ = {isa = PBXBuildFile; fileRef = C3F58826189799D900AEFD35 /* main.m */; };
		C3F5882B189799D900AEFD35 /* Credits.rtf in Resources */ = {isa = PBXBuildFile; fileRef = C3F58829189799D900AEFD35 /* Credits.rtf */; };
		C3F5882E189799D900AEFD35 /* AppDelegate.m in Sources */ = {isa = PBXBuildFile; fileRef = C3F5882D189799D900AEFD35 /* AppDelegate.m */; };
		C3F58831189799D900AEFD35 /* MainMenu.xib in Resources */ = {isa = PBXBuildFile; fileRef = C3F5882F189799D900AEFD35 /* MainMenu.xib */; };
		C3F58833189799D900AEFD35 /* Images.xcassets in Resources */ = {isa = PBXBuildFile; fileRef = C3F58832189799D900AEFD35 /* Images.xcassets */; };
		C3F5883A189799DA00AEFD35 /* XCTest.framework in Frameworks */ = {isa = PBXBuildFile; fileRef = C3F58839189799DA00AEFD35 /* XCTest.framework */; };
		C3F5883B189799DA00AEFD35 /* Cocoa.framework in Frameworks */ = {isa = PBXBuildFile; fileRef = C3F5881A189799D900AEFD35 /* Cocoa.framework */; };
		C3F58843189799DA00AEFD35 /* InfoPlist.strings in Resources */ = {isa = PBXBuildFile; fileRef = C3F58841189799DA00AEFD35 /* InfoPlist.strings */; };
		C3F58845189799DA00AEFD35 /* WebsiteDownloaderTests.m in Sources */ = {isa = PBXBuildFile; fileRef = C3F58844189799DA00AEFD35 /* WebsiteDownloaderTests.m */; };
/* End PBXBuildFile section */

/* Begin PBXContainerItemProxy section */
		C3F5883C189799DA00AEFD35 /* PBXContainerItemProxy */ = {
			isa = PBXContainerItemProxy;
			containerPortal = C3F5880F189799D900AEFD35 /* Project object */;
			proxyType = 1;
			remoteGlobalIDString = C3F58816189799D900AEFD35;
			remoteInfo = WebsiteDownloader;
		};
/* End PBXContainerItemProxy section */

/* Begin PBXFileReference section */
		C3F58817189799D900AEFD35 /* WebsiteDownloader.app */ = {isa = PBXFileReference; explicitFileType = wrapper.application; includeInIndex = 0; path = WebsiteDownloader.app; sourceTree = BUILT_PRODUCTS_DIR; };
		C3F5881A189799D900AEFD35 /* Cocoa.framework */ = {isa = PBXFileReference; lastKnownFileType = wrapper.framework; name = Cocoa.framework; path = System/Library/Frameworks/Cocoa.framework; sourceTree = SDKROOT; };
		C3F5881D189799D900AEFD35 /* AppKit.framework */ = {isa = PBXFileReference; lastKnownFileType = wrapper.framework; name = AppKit.framework; path = System/Library/Frameworks/AppKit.framework; sourceTree = SDKROOT; };
		C3F5881E189799D900AEFD35 /* CoreData.framework */ = {isa = PBXFileReference; lastKnownFileType = wrapper.framework; name = CoreData.framework; path = System/Library/Frameworks/CoreData.framework; sourceTree = SDKROOT; };
		C3F5881F189799D900AEFD35 /* Foundation.framework */ = {isa = PBXFileReference; lastKnownFileType = wrapper.framework; name = Foundation.framework; path = System/Library/Frameworks/Foundation.framework; sourceTree = SDKROOT; };
		C3F58822189799D900AEFD35 /* WebsiteDownloader-Info.plist */ = {isa = PBXFileReference; lastKnownFileType = text.plist.xml; path = "WebsiteDownloader-Info.plist"; sourceTree = "<group>"; };
		C3F58824189799D900AEFD35 /* en */ = {isa = PBXFileReference; lastKnownFileType = text.plist.strings; name = en; path = en.lproj/InfoPlist.strings; sourceTree = "<group>"; };
		C3F58826189799D900AEFD35 /* main.m */ = {isa = PBXFileReference; lastKnownFileType = sourcecode.c.objc; path = main.m; sourceTree = "<group>"; };
		C3F58828189799D900AEFD35 /* WebsiteDownloader-Prefix.pch */ = {isa = PBXFileReference; lastKnownFileType = sourcecode.c.h; path = "WebsiteDownloader-Prefix.pch"; sourceTree = "<group>"; };
		C3F5882A189799D900AEFD35 /* en */ = {isa = PBXFileReference; lastKnownFileType = text.rtf; name = en; path = en.lproj/Credits.rtf; sourceTree = "<group>"; };
		C3F5882C189799D900AEFD35 /* AppDelegate.h */ = {isa = PBXFileReference; lastKnownFileType = sourcecode.c.h; path = AppDelegate.h; sourceTree = "<group>"; };
		C3F5882D189799D900AEFD35 /* AppDelegate.m */ = {isa = PBXFileReference; lastKnownFileType = sourcecode.c.objc; path = AppDelegate.m; sourceTree = "<group>"; };
		C3F58830189799D900AEFD35 /* Base */ = {isa = PBXFileReference; lastKnownFileType = file.xib; name = Base; path = Base.lproj/MainMenu.xib; sourceTree = "<group>"; };
		C3F58832189799D900AEFD35 /* Images.xcassets */ = {isa = PBXFileReference; lastKnownFileType = folder.assetcatalog; path = Images.xcassets; sourceTree = "<group>"; };
		C3F58838189799DA00AEFD35 /* WebsiteDownloaderTests.xctest */ = {isa = PBXFileReference; explicitFileType = wrapper.cfbundle; includeInIndex = 0; path = WebsiteDownloaderTests.xctest; sourceTree = BUILT_PRODUCTS_DIR; };
		C3F58839189799DA00AEFD35 /* XCTest.framework */ = {isa = PBXFileReference; lastKnownFileType = wrapper.framework; name = XCTest.framework; path = Library/Frameworks/XCTest.framework; sourceTree = DEVELOPER_DIR; };
		C3F58840189799DA00AEFD35 /* WebsiteDownloaderTests-Info.plist */ = {isa = PBXFileReference; lastKnownFileType = text.plist.xml; path = "WebsiteDownloaderTests-Info.plist"; sourceTree = "<group>"; };
		C3F58842189799DA00AEFD35 /* en */ = {isa = PBXFileReference; lastKnownFileType = text.plist.strings; name = en; path = en.lproj/InfoPlist.strings; sourceTree = "<group>"; };
		C3F58844189799DA00AEFD35 /* WebsiteDownloaderTests.m */ = {isa = PBXFileReference; lastKnownFileType = sourcecode.c.objc; path = WebsiteDownloaderTests.m; sourceTree = "<group>"; };
/* End PBXFileReference section */

/* Begin PBXFrameworksBuildPhase section */
		C3F58814189799D900AEFD35 /* Frameworks */ = {
			isa = PBXFrameworksBuildPhase;
			buildActionMask = 2147483647;
			files = (
				C3F5881B189799D900AEFD35 /* Cocoa.framework in Frameworks */,
			);
			runOnlyForDeploymentPostprocessing = 0;
		};
		C3F58835189799DA00AEFD35 /* Frameworks */ = {
			isa = PBXFrameworksBuildPhase;
			buildActionMask = 2147483647;
			files = (
				C3F5883B189799DA00AEFD35 /* Cocoa.framework in Frameworks */,
				C3F5883A189799DA00AEFD35 /* XCTest.framework in Frameworks */,
			);
			runOnlyForDeploymentPostprocessing = 0;
		};
/* End PBXFrameworksBuildPhase section */

/* Begin PBXGroup section */
		C3F5880E189799D900AEFD35 = {
			isa = PBXGroup;
			children = (
				C3F58820189799D900AEFD35 /* WebsiteDownloader */,
				C3F5883E189799DA00AEFD35 /* WebsiteDownloaderTests */,
				C3F58819189799D900AEFD35 /* Frameworks */,
				C3F58818189799D900AEFD35 /* Products */,
			);
			sourceTree = "<group>";
		};
		C3F58818189799D900AEFD35 /* Products */ = {
			isa = PBXGroup;
			children = (
				C3F58817189799D900AEFD35 /* WebsiteDownloader.app */,
				C3F58838189799DA00AEFD35 /* WebsiteDownloaderTests.xctest */,
			);
			name = Products;
			sourceTree = "<group>";
		};
		C3F58819189799D900AEFD35 /* Frameworks */ = {
			isa = PBXGroup;
			children = (
				C3F5881A189799D900AEFD35 /* Cocoa.framework */,
				C3F58839189799DA00AEFD35 /* XCTest.framework */,
				C3F5881C189799D900AEFD35 /* Other Frameworks */,
			);
			name = Frameworks;
			sourceTree = "<group>";
		};
		C3F5881C189799D900AEFD35 /* Other Frameworks */ = {
			isa = PBXGroup;
			children = (
				C3F5881D189799D900AEFD35 /* AppKit.framework */,
				C3F5881E189799D900AEFD35 /* CoreData.framework */,
				C3F5881F189799D900AEFD35 /* Foundation.framework */,
			);
			name = "Other Frameworks";
			sourceTree = "<group>";
		};
		C3F58820189799D900AEFD35 /* WebsiteDownloader */ = {
			isa = PBXGroup;
			children = (
				C3F5882C189799D900AEFD35 /* AppDelegate.h */,
				C3F5882D189799D900AEFD35 /* AppDelegate.m */,
				C3F5882F189799D900AEFD35 /* MainMenu.xib */,
				C3F58832189799D900AEFD35 /* Images.xcassets */,
				C3F58821189799D900AEFD35 /* Supporting Files */,
			);
			path = WebsiteDownloader;
			sourceTree = "<group>";
		};
		C3F58821189799D900AEFD35 /* Supporting Files */ = {
			isa = PBXGroup;
			children = (
				C3F58822189799D900AEFD35 /* WebsiteDownloader-Info.plist */,
				C3F58823189799D900AEFD35 /* InfoPlist.strings */,
				C3F58826189799D900AEFD35 /* main.m */,
				C3F58828189799D900AEFD35 /* WebsiteDownloader-Prefix.pch */,
				C3F58829189799D900AEFD35 /* Credits.rtf */,
			);
			name = "Supporting Files";
			sourceTree = "<group>";
		};
		C3F5883E189799DA00AEFD35 /* WebsiteDownloaderTests */ = {
			isa = PBXGroup;
			children = (
				C3F58844189799DA00AEFD35 /* WebsiteDownloaderTests.m */,
				C3F5883F189799DA00AEFD35 /* Supporting Files */,
			);
			path = WebsiteDownloaderTests;
			sourceTree = "<group>";
		};
		C3F5883F189799DA00AEFD35 /* Supporting Files */ = {
			isa = PBXGroup;
			children = (
				C3F58840189799DA00AEFD35 /* WebsiteDownloaderTests-Info.plist */,
				C3F58841189799DA00AEFD35 /* InfoPlist.strings */,
			);
			name = "Supporting Files";
			sourceTree = "<group>";
		};
/* End PBXGroup section */

/* Begin PBXNativeTarget section */
		C3F58816189799D900AEFD35 /* WebsiteDownloader */ = {
			isa = PBXNativeTarget;
			buildConfigurationList = C3F58848189799DA00AEFD35 /* Build configuration list for PBXNativeTarget "WebsiteDownloader" */;
			buildPhases = (
				C3F58813189799D900AEFD35 /* Sources */,
				C3F58814189799D900AEFD35 /* Frameworks */,
				C3F58815189799D900AEFD35 /* Resources */,
			);
			buildRules = (
			);
			dependencies = (
			);
			name = WebsiteDownloader;
			productName = WebsiteDownloader;
			productReference = C3F58817189799D900AEFD35 /* WebsiteDownloader.app */;
			productType = "com.apple.product-type.application";
		};
		C3F58837189799DA00AEFD35 /* WebsiteDownloaderTests */ = {
			isa = PBXNativeTarget;
			buildConfigurationList = C3F5884B189799DA00AEFD35 /* Build configuration list for PBXNativeTarget "WebsiteDownloaderTests" */;
			buildPhases = (
				C3F58834189799DA00AEFD35 /* Sources */,
				C3F58835189799DA00AEFD35 /* Frameworks */,
				C3F58836189799DA00AEFD35 /* Resources */,
			);
			buildRules = (
			);
			dependencies = (
				C3F5883D189799DA00AEFD35 /* PBXTargetDependency */,
			);
			name = WebsiteDownloaderTests;
			productName = WebsiteDownloaderTests;
			productReference = C3F58838189799DA00AEFD35 /* WebsiteDownloaderTests.xctest */;
			productType = "com.apple.product-type.bundle.unit-test";
		};
/* End PBXNativeTarget section */

/* Begin PBXProject section */
		C3F5880F189799D900AEFD35 /* Project object */ = {
			isa = PBXProject;
			attributes = {
				LastUpgradeCheck = 0500;
				ORGANIZATIONNAME = "Burhan S Ahmed";
				TargetAttributes = {
					C3F58837189799DA00AEFD35 = {
						TestTargetID = C3F58816189799D900AEFD35;
					};
				};
			};
			buildConfigurationList = C3F58812189799D900AEFD35 /* Build configuration list for PBXProject "WebsiteDownloader" */;
			compatibilityVersion = "Xcode 3.2";
			developmentRegion = English;
			hasScannedForEncodings = 0;
			knownRegions = (
				en,
				Base,
			);
			mainGroup = C3F5880E189799D900AEFD35;
			productRefGroup = C3F58818189799D900AEFD35 /* Products */;
			projectDirPath = "";
			projectRoot = "";
			targets = (
				C3F58816189799D900AEFD35 /* WebsiteDownloader */,
				C3F58837189799DA00AEFD35 /* WebsiteDownloaderTests */,
			);
		};
/* End PBXProject section */

/* Begin PBXResourcesBuildPhase section */
		C3F58815189799D900AEFD35 /* Resources */ = {
			isa = PBXResourcesBuildPhase;
			buildActionMask = 2147483647;
			files = (
				C3F58825189799D900AEFD35 /* InfoPlist.strings in Resources */,
				C3F58833189799D900AEFD35 /* Images.xcassets in Resources */,
				C3F5882B189799D900AEFD35 /* Credits.rtf in Resources */,
				C3F58831189799D900AEFD35 /* MainMenu.xib in Resources */,
			);
			runOnlyForDeploymentPostprocessing = 0;
		};
		C3F58836189799DA00AEFD35 /* Resources */ = {
			isa = PBXResourcesBuildPhase;
			buildActionMask = 2147483647;
			files = (
				C3F58843189799DA00AEFD35 /* InfoPlist.strings in Resources */,
			);
			runOnlyForDeploymentPostprocessing = 0;
		};
/* End PBXResourcesBuildPhase section */

/* Begin PBXSourcesBuildPhase section */
		C3F58813189799D900AEFD35 /* Sources */ = {
			isa = PBXSourcesBuildPhase;
			buildActionMask = 2147483647;
			files = (
				C3F5882E189799D900AEFD35 /* AppDelegate.m in Sources */,
				C3F58827189799D900AEFD35 /* main.m in Sources */,
			);
			runOnlyForDeploymentPostprocessing = 0;
		};
		C3F58834189799DA00AEFD35 /* Sources */ = {
			isa = PBXSourcesBuildPhase;
			buildActionMask = 2147483647;
			files = (
				C3F58845189799DA00AEFD35 /* WebsiteDownloaderTests.m in Sources */,
			);
			runOnlyForDeploymentPostprocessing = 0;
		};
/* End PBXSourcesBuildPhase section */

/* Begin PBXTargetDependency section */
		C3F5883D189799DA00AEFD35 /* PBXTargetDependency */ = {
			isa = PBXTargetDependency;
			target = C3F58816189799D900AEFD35 /* WebsiteDownloader */;
			targetProxy = C3F5883C189799DA00AEFD35 /* PBXContainerItemProxy */;
		};
/* End PBXTargetDependency section */

/* Begin PBXVariantGroup section */
		C3F58823189799D900AEFD35 /* InfoPlist.strings */ = {
			isa = PBXVariantGroup;
			children = (
				C3F58824189799D900AEFD35 /* en */,
			);
			name = InfoPlist.strings;
			sourceTree = "<group>";
		};
		C3F58829189799D900AEFD35 /* Credits.rtf */ = {
			isa = PBXVariantGroup;
			children = (
				C3F5882A189799D900AEFD35 /* en */,
			);
			name = Credits.rtf;
			sourceTree = "<group>";
		};
		C3F5882F189799D900AEFD35 /* MainMenu.xib */ = {
			isa = PBXVariantGroup;
			children = (
				C3F58830189799D900AEFD35 /* Base */,
			);
			name = MainMenu.xib;
			sourceTree = "<group>";
		};
		C3F58841189799DA00AEFD35 /* InfoPlist.strings */ = {
			isa = PBXVariantGroup;
			children = (
				C3F58842189799DA00AEFD35 /* en */,
			);
			name = InfoPlist.strings;
			sourceTree = "<group>";
		};
/* End PBXVariantGroup section */

/* Begin XCBuildConfiguration section */
		C3F58846189799DA00AEFD35 /* Debug */ = {
			isa = XCBuildConfiguration;
			buildSettings = {
				ALWAYS_SEARCH_USER_PATHS = NO;
				CLANG_CXX_LANGUAGE_STANDARD = "gnu++0x";
				CLANG_CXX_LIBRARY = "libc++";
				CLANG_ENABLE_OBJC_ARC = YES;
				CLANG_WARN_BOOL_CONVERSION = YES;
				CLANG_WARN_CONSTANT_CONVERSION = YES;
				CLANG_WARN_DIRECT_OBJC_ISA_USAGE = YES_ERROR;
				CLANG_WARN_EMPTY_BODY = YES;
				CLANG_WARN_ENUM_CONVERSION = YES;
				CLANG_WARN_INT_CONVERSION = YES;
				CLANG_WARN_OBJC_ROOT_CLASS = YES_ERROR;
				CLANG_WARN__DUPLICATE_METHOD_MATCH = YES;
				COPY_PHASE_STRIP = NO;
				GCC_C_LANGUAGE_STANDARD = gnu99;
				GCC_DYNAMIC_NO_PIC = NO;
				GCC_ENABLE_OBJC_EXCEPTIONS = YES;
				GCC_OPTIMIZATION_LEVEL = 0;
				GCC_PREPROCESSOR_DEFINITIONS = (
					"DEBUG=1",
					"$(inherited)",
				);
				GCC_SYMBOLS_PRIVATE_EXTERN = NO;
				GCC_WARN_64_TO_32_BIT_CONVERSION = YES;
				GCC_WARN_ABOUT_RETURN_TYPE = YES_ERROR;
				GCC_WARN_UNDECLARED_SELECTOR = YES;
				GCC_WARN_UNINITIALIZED_AUTOS = YES;
				GCC_WARN_UNUSED_FUNCTION = YES;
				GCC_WARN_UNUSED_VARIABLE = YES;
				MACOSX_DEPLOYMENT_TARGET = 10.9;
				ONLY_ACTIVE_ARCH = YES;
				SDKROOT = macosx;
			};
			name = Debug;
		};
		C3F58847189799DA00AEFD35 /* Release */ = {
			isa = XCBuildConfiguration;
			buildSettings = {
				ALWAYS_SEARCH_USER_PATHS = NO;
				CLANG_CXX_LANGUAGE_STANDARD = "gnu++0x";
				CLANG_CXX_LIBRARY = "libc++";
				CLANG_ENABLE_OBJC_ARC = YES;
				CLANG_WARN_BOOL_CONVERSION = YES;
				CLANG_WARN_CONSTANT_CONVERSION = YES;
				CLANG_WARN_DIRECT_OBJC_ISA_USAGE = YES_ERROR;
				CLANG_WARN_EMPTY_BODY = YES;
				CLANG_WARN_ENUM_CONVERSION = YES;
				CLANG_WARN_INT_CONVERSION = YES;
				CLANG_WARN_OBJC_ROOT_CLASS = YES_ERROR;
				CLANG_WARN__DUPLICATE_METHOD_MATCH = YES;
				COPY_PHASE_STRIP = YES;
				DEBUG_INFORMATION_FORMAT = "dwarf-with-dsym";
				ENABLE_NS_ASSERTIONS = NO;
				GCC_C_LANGUAGE_STANDARD = gnu99;
				GCC_ENABLE_OBJC_EXCEPTIONS = YES;
				GCC_WARN_64_TO_32_BIT_CONVERSION = YES;
				GCC_WARN_ABOUT_RETURN_TYPE = YES_ERROR;
				GCC_WARN_UNDECLARED_SELECTOR = YES;
				GCC_WARN_UNINITIALIZED_AUTOS = YES;
				GCC_WARN_UNUSED_FUNCTION = YES;
				GCC_WARN_UNUSED_VARIABLE = YES;
				MACOSX_DEPLOYMENT_TARGET = 10.9;
				SDKROOT = macosx;
			};
			name = Release;
		};
		C3F58849189799DA00AEFD35 /* Debug */ = {
			isa = XCBuildConfiguration;
			buildSettings = {
				ASSETCATALOG_COMPILER_APPICON_NAME = AppIcon;
				COMBINE_HIDPI_IMAGES = YES;
				GCC_PRECOMPILE_PREFIX_HEADER = YES;
				GCC_PREFIX_HEADER = "WebsiteDownloader/WebsiteDownloader-Prefix.pch";
				INFOPLIST_FILE = "WebsiteDownloader/WebsiteDownloader-Info.plist";
				PRODUCT_NAME = "$(TARGET_NAME)";
				WRAPPER_EXTENSION = app;
			};
			name = Debug;
		};
		C3F5884A189799DA00AEFD35 /* Release */ = {
			isa = XCBuildConfiguration;
			buildSettings = {
				ASSETCATALOG_COMPILER_APPICON_NAME = AppIcon;
				COMBINE_HIDPI_IMAGES = YES;
				GCC_PRECOMPILE_PREFIX_HEADER = YES;
				GCC_PREFIX_HEADER = "WebsiteDownloader/WebsiteDownloader-Prefix.pch";
				INFOPLIST_FILE = "WebsiteDownloader/WebsiteDownloader-Info.plist";
				PRODUCT_NAME = "$(TARGET_NAME)";
				WRAPPER_EXTENSION = app;
			};
			name = Release;
		};
		C3F5884C189799DA00AEFD35 /* Debug */ = {
			isa = XCBuildConfiguration;
			buildSettings = {
				BUNDLE_LOADER = "$(BUILT_PRODUCTS_DIR)/WebsiteDownloader.app/Contents/MacOS/WebsiteDownloader";
				COMBINE_HIDPI_IMAGES = YES;
				FRAMEWORK_SEARCH_PATHS = (
					"$(DEVELOPER_FRAMEWORKS_DIR)",
					"$(inherited)",
				);
				GCC_PRECOMPILE_PREFIX_HEADER = YES;
				GCC_PREFIX_HEADER = "WebsiteDownloader/WebsiteDownloader-Prefix.pch";
				GCC_PREPROCESSOR_DEFINITIONS = (
					"DEBUG=1",
					"$(inherited)",
				);
				INFOPLIST_FILE = "WebsiteDownloaderTests/WebsiteDownloaderTests-Info.plist";
				PRODUCT_NAME = "$(TARGET_NAME)";
				TEST_HOST = "$(BUNDLE_LOADER)";
				WRAPPER_EXTENSION = xctest;
			};
			name = Debug;
		};
		C3F5884D189799DA00AEFD35 /* Release */ = {
			isa = XCBuildConfiguration;
			buildSettings = {
				BUNDLE_LOADER = "$(BUILT_PRODUCTS_DIR)/WebsiteDownloader.app/Contents/MacOS/WebsiteDownloader";
				COMBINE_HIDPI_IMAGES = YES;
				FRAMEWORK_SEARCH_PATHS = (
					"$(DEVELOPER_FRAMEWORKS_DIR)",
					"$(inherited)",
				);
				GCC_PRECOMPILE_PREFIX_HEADER = YES;
				GCC_PREFIX_HEADER = "WebsiteDownloader/WebsiteDownloader-Prefix.pch";
				INFOPLIST_FILE = "WebsiteDownloaderTests/WebsiteDownloaderTests-Info.plist";
				PRODUCT_NAME = "$(TARGET_NAME)";
				TEST_HOST = "$(BUNDLE_LOADER)";
				WRAPPER_EXTENSION = xctest;
			};
			name = Release;
		};
/* End XCBuildConfiguration section */

/* Begin XCConfigurationList section */
		C3F58812189799D900AEFD35 /* Build configuration list for PBXProject "WebsiteDownloader" */ = {
			isa = XCConfigurationList;
			buildConfigurations = (
				C3F58846189799DA00AEFD35 /* Debug */,
				C3F58847189799DA00AEFD35 /* Release */,
			);
			defaultConfigurationIsVisible = 0;
			defaultConfigurationName = Release;
		};
		C3F58848189799DA00AEFD35 /* Build configuration list for PBXNativeTarget "WebsiteDownloader" */ = {
			isa = XCConfigurationList;
			buildConfigurations = (
				C3F58849189799DA00AEFD35 /* Debug */,
				C3F5884A189799DA00AEFD35 /* Release */,
			);
			defaultConfigurationIsVisible = 0;
		};
		C3F5884B189799DA00AEFD35 /* Build configuration list for PBXNativeTarget "WebsiteDownloaderTests" */ = {
			isa = XCConfigurationList;
			buildConfigurations = (
				C3F5884C189799DA00AEFD35 /* Debug */,
				C3F5884D189799DA00AEFD35 /* Release */,
			);
			defaultConfigurationIsVisible = 0;
		};
/* End XCConfigurationList section */
	};
	rootObject = C3F5880F189799D900AEFD35 /* Project object */;
}
